// !$*UTF8*$!
{
	archiveVersion = 1;
	classes = {
	};
	objectVersion = 50;
	objects = {

/* Begin PBXBuildFile section */
		A1449CFB258EEB42005BDD7A /* AppDelegate.swift in Sources */ = {isa = PBXBuildFile; fileRef = A1449CFA258EEB42005BDD7A /* AppDelegate.swift */; };
		A1449CFD258EEB42005BDD7A /* SceneDelegate.swift in Sources */ = {isa = PBXBuildFile; fileRef = A1449CFC258EEB42005BDD7A /* SceneDelegate.swift */; };
		A1449CFF258EEB42005BDD7A /* ViewController.swift in Sources */ = {isa = PBXBuildFile; fileRef = A1449CFE258EEB42005BDD7A /* ViewController.swift */; };
		A1449D02258EEB42005BDD7A /* Main.storyboard in Resources */ = {isa = PBXBuildFile; fileRef = A1449D00258EEB42005BDD7A /* Main.storyboard */; };
		A1449D04258EEB43005BDD7A /* Assets.xcassets in Resources */ = {isa = PBXBuildFile; fileRef = A1449D03258EEB43005BDD7A /* Assets.xcassets */; };
		A1449D07258EEB43005BDD7A /* LaunchScreen.storyboard in Resources */ = {isa = PBXBuildFile; fileRef = A1449D05258EEB43005BDD7A /* LaunchScreen.storyboard */; };
		A1449D12258EEB43005BDD7A /* PreWorkTipCalcTests.swift in Sources */ = {isa = PBXBuildFile; fileRef = A1449D11258EEB43005BDD7A /* PreWorkTipCalcTests.swift */; };
		A1449D1D258EEB43005BDD7A /* PreWorkTipCalcUITests.swift in Sources */ = {isa = PBXBuildFile; fileRef = A1449D1C258EEB43005BDD7A /* PreWorkTipCalcUITests.swift */; };
/* End PBXBuildFile section */

/* Begin PBXContainerItemProxy section */
		A1449D0E258EEB43005BDD7A /* PBXContainerItemProxy */ = {
			isa = PBXContainerItemProxy;
			containerPortal = A1449CEF258EEB42005BDD7A /* Project object */;
			proxyType = 1;
			remoteGlobalIDString = A1449CF6258EEB42005BDD7A;
			remoteInfo = PreWorkTipCalc;
		};
		A1449D19258EEB43005BDD7A /* PBXContainerItemProxy */ = {
			isa = PBXContainerItemProxy;
			containerPortal = A1449CEF258EEB42005BDD7A /* Project object */;
			proxyType = 1;
			remoteGlobalIDString = A1449CF6258EEB42005BDD7A;
			remoteInfo = PreWorkTipCalc;
		};
/* End PBXContainerItemProxy section */

/* Begin PBXFileReference section */
		A1449CF7258EEB42005BDD7A /* PreWorkTipCalc.app */ = {isa = PBXFileReference; explicitFileType = wrapper.application; includeInIndex = 0; path = PreWorkTipCalc.app; sourceTree = BUILT_PRODUCTS_DIR; };
		A1449CFA258EEB42005BDD7A /* AppDelegate.swift */ = {isa = PBXFileReference; lastKnownFileType = sourcecode.swift; path = AppDelegate.swift; sourceTree = "<group>"; };
		A1449CFC258EEB42005BDD7A /* SceneDelegate.swift */ = {isa = PBXFileReference; lastKnownFileType = sourcecode.swift; path = SceneDelegate.swift; sourceTree = "<group>"; };
		A1449CFE258EEB42005BDD7A /* ViewController.swift */ = {isa = PBXFileReference; lastKnownFileType = sourcecode.swift; path = ViewController.swift; sourceTree = "<group>"; };
		A1449D01258EEB42005BDD7A /* Base */ = {isa = PBXFileReference; lastKnownFileType = file.storyboard; name = Base; path = Base.lproj/Main.storyboard; sourceTree = "<group>"; };
		A1449D03258EEB43005BDD7A /* Assets.xcassets */ = {isa = PBXFileReference; lastKnownFileType = folder.assetcatalog; path = Assets.xcassets; sourceTree = "<group>"; };
		A1449D06258EEB43005BDD7A /* Base */ = {isa = PBXFileReference; lastKnownFileType = file.storyboard; name = Base; path = Base.lproj/LaunchScreen.storyboard; sourceTree = "<group>"; };
		A1449D08258EEB43005BDD7A /* Info.plist */ = {isa = PBXFileReference; lastKnownFileType = text.plist.xml; path = Info.plist; sourceTree = "<group>"; };
		A1449D0D258EEB43005BDD7A /* PreWorkTipCalcTests.xctest */ = {isa = PBXFileReference; explicitFileType = wrapper.cfbundle; includeInIndex = 0; path = PreWorkTipCalcTests.xctest; sourceTree = BUILT_PRODUCTS_DIR; };
		A1449D11258EEB43005BDD7A /* PreWorkTipCalcTests.swift */ = {isa = PBXFileReference; lastKnownFileType = sourcecode.swift; path = PreWorkTipCalcTests.swift; sourceTree = "<group>"; };
		A1449D13258EEB43005BDD7A /* Info.plist */ = {isa = PBXFileReference; lastKnownFileType = text.plist.xml; path = Info.plist; sourceTree = "<group>"; };
		A1449D18258EEB43005BDD7A /* PreWorkTipCalcUITests.xctest */ = {isa = PBXFileReference; explicitFileType = wrapper.cfbundle; includeInIndex = 0; path = PreWorkTipCalcUITests.xctest; sourceTree = BUILT_PRODUCTS_DIR; };
		A1449D1C258EEB43005BDD7A /* PreWorkTipCalcUITests.swift */ = {isa = PBXFileReference; lastKnownFileType = sourcecode.swift; path = PreWorkTipCalcUITests.swift; sourceTree = "<group>"; };
		A1449D1E258EEB43005BDD7A /* Info.plist */ = {isa = PBXFileReference; lastKnownFileType = text.plist.xml; path = Info.plist; sourceTree = "<group>"; };
/* End PBXFileReference section */

/* Begin PBXFrameworksBuildPhase section */
		A1449CF4258EEB42005BDD7A /* Frameworks */ = {
			isa = PBXFrameworksBuildPhase;
			buildActionMask = 2147483647;
			files = (
			);
			runOnlyForDeploymentPostprocessing = 0;
		};
		A1449D0A258EEB43005BDD7A /* Frameworks */ = {
			isa = PBXFrameworksBuildPhase;
			buildActionMask = 2147483647;
			files = (
			);
			runOnlyForDeploymentPostprocessing = 0;
		};
		A1449D15258EEB43005BDD7A /* Frameworks */ = {
			isa = PBXFrameworksBuildPhase;
			buildActionMask = 2147483647;
			files = (
			);
			runOnlyForDeploymentPostprocessing = 0;
		};
/* End PBXFrameworksBuildPhase section */

/* Begin PBXGroup section */
		A1449CEE258EEB42005BDD7A = {
			isa = PBXGroup;
			children = (
				A1449CF9258EEB42005BDD7A /* PreWorkTipCalc */,
				A1449D10258EEB43005BDD7A /* PreWorkTipCalcTests */,
				A1449D1B258EEB43005BDD7A /* PreWorkTipCalcUITests */,
				A1449CF8258EEB42005BDD7A /* Products */,
			);
			sourceTree = "<group>";
		};
		A1449CF8258EEB42005BDD7A /* Products */ = {
			isa = PBXGroup;
			children = (
				A1449CF7258EEB42005BDD7A /* PreWorkTipCalc.app */,
				A1449D0D258EEB43005BDD7A /* PreWorkTipCalcTests.xctest */,
				A1449D18258EEB43005BDD7A /* PreWorkTipCalcUITests.xctest */,
			);
			name = Products;
			sourceTree = "<group>";
		};
		A1449CF9258EEB42005BDD7A /* PreWorkTipCalc */ = {
			isa = PBXGroup;
			children = (
				A1449CFA258EEB42005BDD7A /* AppDelegate.swift */,
				A1449CFC258EEB42005BDD7A /* SceneDelegate.swift */,
				A1449CFE258EEB42005BDD7A /* ViewController.swift */,
				A1449D00258EEB42005BDD7A /* Main.storyboard */,
				A1449D03258EEB43005BDD7A /* Assets.xcassets */,
				A1449D05258EEB43005BDD7A /* LaunchScreen.storyboard */,
				A1449D08258EEB43005BDD7A /* Info.plist */,
			);
			path = PreWorkTipCalc;
			sourceTree = "<group>";
		};
		A1449D10258EEB43005BDD7A /* PreWorkTipCalcTests */ = {
			isa = PBXGroup;
			children = (
				A1449D11258EEB43005BDD7A /* PreWorkTipCalcTests.swift */,
				A1449D13258EEB43005BDD7A /* Info.plist */,
			);
			path = PreWorkTipCalcTests;
			sourceTree = "<group>";
		};
		A1449D1B258EEB43005BDD7A /* PreWorkTipCalcUITests */ = {
			isa = PBXGroup;
			children = (
				A1449D1C258EEB43005BDD7A /* PreWorkTipCalcUITests.swift */,
				A1449D1E258EEB43005BDD7A /* Info.plist */,
			);
			path = PreWorkTipCalcUITests;
			sourceTree = "<group>";
		};
/* End PBXGroup section */

/* Begin PBXNativeTarget section */
		A1449CF6258EEB42005BDD7A /* PreWorkTipCalc */ = {
			isa = PBXNativeTarget;
			buildConfigurationList = A1449D21258EEB43005BDD7A /* Build configuration list for PBXNativeTarget "PreWorkTipCalc" */;
			buildPhases = (
				A1449CF3258EEB42005BDD7A /* Sources */,
				A1449CF4258EEB42005BDD7A /* Frameworks */,
				A1449CF5258EEB42005BDD7A /* Resources */,
			);
			buildRules = (
			);
			dependencies = (
			);
			name = PreWorkTipCalc;
			productName = PreWorkTipCalc;
			productReference = A1449CF7258EEB42005BDD7A /* PreWorkTipCalc.app */;
			productType = "com.apple.product-type.application";
		};
		A1449D0C258EEB43005BDD7A /* PreWorkTipCalcTests */ = {
			isa = PBXNativeTarget;
			buildConfigurationList = A1449D24258EEB43005BDD7A /* Build configuration list for PBXNativeTarget "PreWorkTipCalcTests" */;
			buildPhases = (
				A1449D09258EEB43005BDD7A /* Sources */,
				A1449D0A258EEB43005BDD7A /* Frameworks */,
				A1449D0B258EEB43005BDD7A /* Resources */,
			);
			buildRules = (
			);
			dependencies = (
				A1449D0F258EEB43005BDD7A /* PBXTargetDependency */,
			);
			name = PreWorkTipCalcTests;
			productName = PreWorkTipCalcTests;
			productReference = A1449D0D258EEB43005BDD7A /* PreWorkTipCalcTests.xctest */;
			productType = "com.apple.product-type.bundle.unit-test";
		};
		A1449D17258EEB43005BDD7A /* PreWorkTipCalcUITests */ = {
			isa = PBXNativeTarget;
			buildConfigurationList = A1449D27258EEB43005BDD7A /* Build configuration list for PBXNativeTarget "PreWorkTipCalcUITests" */;
			buildPhases = (
				A1449D14258EEB43005BDD7A /* Sources */,
				A1449D15258EEB43005BDD7A /* Frameworks */,
				A1449D16258EEB43005BDD7A /* Resources */,
			);
			buildRules = (
			);
			dependencies = (
				A1449D1A258EEB43005BDD7A /* PBXTargetDependency */,
			);
			name = PreWorkTipCalcUITests;
			productName = PreWorkTipCalcUITests;
			productReference = A1449D18258EEB43005BDD7A /* PreWorkTipCalcUITests.xctest */;
			productType = "com.apple.product-type.bundle.ui-testing";
		};
/* End PBXNativeTarget section */

/* Begin PBXProject section */
		A1449CEF258EEB42005BDD7A /* Project object */ = {
			isa = PBXProject;
			attributes = {
				LastSwiftUpdateCheck = 1230;
				LastUpgradeCheck = 1230;
				TargetAttributes = {
					A1449CF6258EEB42005BDD7A = {
						CreatedOnToolsVersion = 12.3;
					};
					A1449D0C258EEB43005BDD7A = {
						CreatedOnToolsVersion = 12.3;
						TestTargetID = A1449CF6258EEB42005BDD7A;
					};
					A1449D17258EEB43005BDD7A = {
						CreatedOnToolsVersion = 12.3;
						TestTargetID = A1449CF6258EEB42005BDD7A;
					};
				};
			};
			buildConfigurationList = A1449CF2258EEB42005BDD7A /* Build configuration list for PBXProject "PreWorkTipCalc" */;
			compatibilityVersion = "Xcode 9.3";
			developmentRegion = en;
			hasScannedForEncodings = 0;
			knownRegions = (
				en,
				Base,
			);
			mainGroup = A1449CEE258EEB42005BDD7A;
			productRefGroup = A1449CF8258EEB42005BDD7A /* Products */;
			projectDirPath = "";
			projectRoot = "";
			targets = (
				A1449CF6258EEB42005BDD7A /* PreWorkTipCalc */,
				A1449D0C258EEB43005BDD7A /* PreWorkTipCalcTests */,
				A1449D17258EEB43005BDD7A /* PreWorkTipCalcUITests */,
			);
		};
/* End PBXProject section */

/* Begin PBXResourcesBuildPhase section */
		A1449CF5258EEB42005BDD7A /* Resources */ = {
			isa = PBXResourcesBuildPhase;
			buildActionMask = 2147483647;
			files = (
				A1449D07258EEB43005BDD7A /* LaunchScreen.storyboard in Resources */,
				A1449D04258EEB43005BDD7A /* Assets.xcassets in Resources */,
				A1449D02258EEB42005BDD7A /* Main.storyboard in Resources */,
			);
			runOnlyForDeploymentPostprocessing = 0;
		};
		A1449D0B258EEB43005BDD7A /* Resources */ = {
			isa = PBXResourcesBuildPhase;
			buildActionMask = 2147483647;
			files = (
			);
			runOnlyForDeploymentPostprocessing = 0;
		};
		A1449D16258EEB43005BDD7A /* Resources */ = {
			isa = PBXResourcesBuildPhase;
			buildActionMask = 2147483647;
			files = (
			);
			runOnlyForDeploymentPostprocessing = 0;
		};
/* End PBXResourcesBuildPhase section */

/* Begin PBXSourcesBuildPhase section */
		A1449CF3258EEB42005BDD7A /* Sources */ = {
			isa = PBXSourcesBuildPhase;
			buildActionMask = 2147483647;
			files = (
				A1449CFF258EEB42005BDD7A /* ViewController.swift in Sources */,
				A1449CFB258EEB42005BDD7A /* AppDelegate.swift in Sources */,
				A1449CFD258EEB42005BDD7A /* SceneDelegate.swift in Sources */,
			);
			runOnlyForDeploymentPostprocessing = 0;
		};
		A1449D09258EEB43005BDD7A /* Sources */ = {
			isa = PBXSourcesBuildPhase;
			buildActionMask = 2147483647;
			files = (
				A1449D12258EEB43005BDD7A /* PreWorkTipCalcTests.swift in Sources */,
			);
			runOnlyForDeploymentPostprocessing = 0;
		};
		A1449D14258EEB43005BDD7A /* Sources */ = {
			isa = PBXSourcesBuildPhase;
			buildActionMask = 2147483647;
			files = (
				A1449D1D258EEB43005BDD7A /* PreWorkTipCalcUITests.swift in Sources */,
			);
			runOnlyForDeploymentPostprocessing = 0;
		};
/* End PBXSourcesBuildPhase section */

/* Begin PBXTargetDependency section */
		A1449D0F258EEB43005BDD7A /* PBXTargetDependency */ = {
			isa = PBXTargetDependency;
			target = A1449CF6258EEB42005BDD7A /* PreWorkTipCalc */;
			targetProxy = A1449D0E258EEB43005BDD7A /* PBXContainerItemProxy */;
		};
		A1449D1A258EEB43005BDD7A /* PBXTargetDependency */ = {
			isa = PBXTargetDependency;
			target = A1449CF6258EEB42005BDD7A /* PreWorkTipCalc */;
			targetProxy = A1449D19258EEB43005BDD7A /* PBXContainerItemProxy */;
		};
/* End PBXTargetDependency section */

/* Begin PBXVariantGroup section */
		A1449D00258EEB42005BDD7A /* Main.storyboard */ = {
			isa = PBXVariantGroup;
			children = (
				A1449D01258EEB42005BDD7A /* Base */,
			);
			name = Main.storyboard;
			sourceTree = "<group>";
		};
		A1449D05258EEB43005BDD7A /* LaunchScreen.storyboard */ = {
			isa = PBXVariantGroup;
			children = (
				A1449D06258EEB43005BDD7A /* Base */,
			);
			name = LaunchScreen.storyboard;
			sourceTree = "<group>";
		};
/* End PBXVariantGroup section */

/* Begin XCBuildConfiguration section */
		A1449D1F258EEB43005BDD7A /* Debug */ = {
			isa = XCBuildConfiguration;
			buildSettings = {
				ALWAYS_SEARCH_USER_PATHS = NO;
				CLANG_ANALYZER_NONNULL = YES;
				CLANG_ANALYZER_NUMBER_OBJECT_CONVERSION = YES_AGGRESSIVE;
				CLANG_CXX_LANGUAGE_STANDARD = "gnu++14";
				CLANG_CXX_LIBRARY = "libc++";
				CLANG_ENABLE_MODULES = YES;
				CLANG_ENABLE_OBJC_ARC = YES;
				CLANG_ENABLE_OBJC_WEAK = YES;
				CLANG_WARN_BLOCK_CAPTURE_AUTORELEASING = YES;
				CLANG_WARN_BOOL_CONVERSION = YES;
				CLANG_WARN_COMMA = YES;
				CLANG_WARN_CONSTANT_CONVERSION = YES;
				CLANG_WARN_DEPRECATED_OBJC_IMPLEMENTATIONS = YES;
				CLANG_WARN_DIRECT_OBJC_ISA_USAGE = YES_ERROR;
				CLANG_WARN_DOCUMENTATION_COMMENTS = YES;
				CLANG_WARN_EMPTY_BODY = YES;
				CLANG_WARN_ENUM_CONVERSION = YES;
				CLANG_WARN_INFINITE_RECURSION = YES;
				CLANG_WARN_INT_CONVERSION = YES;
				CLANG_WARN_NON_LITERAL_NULL_CONVERSION = YES;
				CLANG_WARN_OBJC_IMPLICIT_RETAIN_SELF = YES;
				CLANG_WARN_OBJC_LITERAL_CONVERSION = YES;
				CLANG_WARN_OBJC_ROOT_CLASS = YES_ERROR;
				CLANG_WARN_QUOTED_INCLUDE_IN_FRAMEWORK_HEADER = YES;
				CLANG_WARN_RANGE_LOOP_ANALYSIS = YES;
				CLANG_WARN_STRICT_PROTOTYPES = YES;
				CLANG_WARN_SUSPICIOUS_MOVE = YES;
				CLANG_WARN_UNGUARDED_AVAILABILITY = YES_AGGRESSIVE;
				CLANG_WARN_UNREACHABLE_CODE = YES;
				CLANG_WARN__DUPLICATE_METHOD_MATCH = YES;
				COPY_PHASE_STRIP = NO;
				DEBUG_INFORMATION_FORMAT = dwarf;
				ENABLE_STRICT_OBJC_MSGSEND = YES;
				ENABLE_TESTABILITY = YES;
				GCC_C_LANGUAGE_STANDARD = gnu11;
				GCC_DYNAMIC_NO_PIC = NO;
				GCC_NO_COMMON_BLOCKS = YES;
				GCC_OPTIMIZATION_LEVEL = 0;
				GCC_PREPROCESSOR_DEFINITIONS = (
					"DEBUG=1",
					"$(inherited)",
				);
				GCC_WARN_64_TO_32_BIT_CONVERSION = YES;
				GCC_WARN_ABOUT_RETURN_TYPE = YES_ERROR;
				GCC_WARN_UNDECLARED_SELECTOR = YES;
				GCC_WARN_UNINITIALIZED_AUTOS = YES_AGGRESSIVE;
				GCC_WARN_UNUSED_FUNCTION = YES;
				GCC_WARN_UNUSED_VARIABLE = YES;
				IPHONEOS_DEPLOYMENT_TARGET = 14.3;
				MTL_ENABLE_DEBUG_INFO = INCLUDE_SOURCE;
				MTL_FAST_MATH = YES;
				ONLY_ACTIVE_ARCH = YES;
				SDKROOT = iphoneos;
				SWIFT_ACTIVE_COMPILATION_CONDITIONS = DEBUG;
				SWIFT_OPTIMIZATION_LEVEL = "-Onone";
			};
			name = Debug;
		};
		A1449D20258EEB43005BDD7A /* Release */ = {
			isa = XCBuildConfiguration;
			buildSettings = {
				ALWAYS_SEARCH_USER_PATHS = NO;
				CLANG_ANALYZER_NONNULL = YES;
				CLANG_ANALYZER_NUMBER_OBJECT_CONVERSION = YES_AGGRESSIVE;
				CLANG_CXX_LANGUAGE_STANDARD = "gnu++14";
				CLANG_CXX_LIBRARY = "libc++";
				CLANG_ENABLE_MODULES = YES;
				CLANG_ENABLE_OBJC_ARC = YES;
				CLANG_ENABLE_OBJC_WEAK = YES;
				CLANG_WARN_BLOCK_CAPTURE_AUTORELEASING = YES;
				CLANG_WARN_BOOL_CONVERSION = YES;
				CLANG_WARN_COMMA = YES;
				CLANG_WARN_CONSTANT_CONVERSION = YES;
				CLANG_WARN_DEPRECATED_OBJC_IMPLEMENTATIONS = YES;
				CLANG_WARN_DIRECT_OBJC_ISA_USAGE = YES_ERROR;
				CLANG_WARN_DOCUMENTATION_COMMENTS = YES;
				CLANG_WARN_EMPTY_BODY = YES;
				CLANG_WARN_ENUM_CONVERSION = YES;
				CLANG_WARN_INFINITE_RECURSION = YES;
				CLANG_WARN_INT_CONVERSION = YES;
				CLANG_WARN_NON_LITERAL_NULL_CONVERSION = YES;
				CLANG_WARN_OBJC_IMPLICIT_RETAIN_SELF = YES;
				CLANG_WARN_OBJC_LITERAL_CONVERSION = YES;
				CLANG_WARN_OBJC_ROOT_CLASS = YES_ERROR;
				CLANG_WARN_QUOTED_INCLUDE_IN_FRAMEWORK_HEADER = YES;
				CLANG_WARN_RANGE_LOOP_ANALYSIS = YES;
				CLANG_WARN_STRICT_PROTOTYPES = YES;
				CLANG_WARN_SUSPICIOUS_MOVE = YES;
				CLANG_WARN_UNGUARDED_AVAILABILITY = YES_AGGRESSIVE;
				CLANG_WARN_UNREACHABLE_CODE = YES;
				CLANG_WARN__DUPLICATE_METHOD_MATCH = YES;
				COPY_PHASE_STRIP = NO;
				DEBUG_INFORMATION_FORMAT = "dwarf-with-dsym";
				ENABLE_NS_ASSERTIONS = NO;
				ENABLE_STRICT_OBJC_MSGSEND = YES;
				GCC_C_LANGUAGE_STANDARD = gnu11;
				GCC_NO_COMMON_BLOCKS = YES;
				GCC_WARN_64_TO_32_BIT_CONVERSION = YES;
				GCC_WARN_ABOUT_RETURN_TYPE = YES_ERROR;
				GCC_WARN_UNDECLARED_SELECTOR = YES;
				GCC_WARN_UNINITIALIZED_AUTOS = YES_AGGRESSIVE;
				GCC_WARN_UNUSED_FUNCTION = YES;
				GCC_WARN_UNUSED_VARIABLE = YES;
				IPHONEOS_DEPLOYMENT_TARGET = 14.3;
				MTL_ENABLE_DEBUG_INFO = NO;
				MTL_FAST_MATH = YES;
				SDKROOT = iphoneos;
				SWIFT_COMPILATION_MODE = wholemodule;
				SWIFT_OPTIMIZATION_LEVEL = "-O";
				VALIDATE_PRODUCT = YES;
			};
			name = Release;
		};
		A1449D22258EEB43005BDD7A /* Debug */ = {
			isa = XCBuildConfiguration;
			buildSettings = {
				ASSETCATALOG_COMPILER_APPICON_NAME = AppIcon;
				ASSETCATALOG_COMPILER_GLOBAL_ACCENT_COLOR_NAME = AccentColor;
				CODE_SIGN_STYLE = Automatic;
				INFOPLIST_FILE = PreWorkTipCalc/Info.plist;
				LD_RUNPATH_SEARCH_PATHS = (
					"$(inherited)",
					"@executable_path/Frameworks",
				);
				PRODUCT_BUNDLE_IDENTIFIER = com.ChrisArtrip.PreWorkTipCalc;
				PRODUCT_NAME = "$(TARGET_NAME)";
				SWIFT_VERSION = 5.0;
				TARGETED_DEVICE_FAMILY = "1,2";
			};
			name = Debug;
		};
		A1449D23258EEB43005BDD7A /* Release */ = {
			isa = XCBuildConfiguration;
			buildSettings = {
				ASSETCATALOG_COMPILER_APPICON_NAME = AppIcon;
				ASSETCATALOG_COMPILER_GLOBAL_ACCENT_COLOR_NAME = AccentColor;
				CODE_SIGN_STYLE = Automatic;
				INFOPLIST_FILE = PreWorkTipCalc/Info.plist;
				LD_RUNPATH_SEARCH_PATHS = (
					"$(inherited)",
					"@executable_path/Frameworks",
				);
				PRODUCT_BUNDLE_IDENTIFIER = com.ChrisArtrip.PreWorkTipCalc;
				PRODUCT_NAME = "$(TARGET_NAME)";
				SWIFT_VERSION = 5.0;
				TARGETED_DEVICE_FAMILY = "1,2";
			};
			name = Release;
		};
		A1449D25258EEB43005BDD7A /* Debug */ = {
			isa = XCBuildConfiguration;
			buildSettings = {
				ALWAYS_EMBED_SWIFT_STANDARD_LIBRARIES = YES;
				BUNDLE_LOADER = "$(TEST_HOST)";
				CODE_SIGN_STYLE = Automatic;
				INFOPLIST_FILE = PreWorkTipCalcTests/Info.plist;
				IPHONEOS_DEPLOYMENT_TARGET = 14.3;
				LD_RUNPATH_SEARCH_PATHS = (
					"$(inherited)",
					"@executable_path/Frameworks",
					"@loader_path/Frameworks",
				);
				PRODUCT_BUNDLE_IDENTIFIER = com.ChrisArtrip.PreWorkTipCalcTests;
				PRODUCT_NAME = "$(TARGET_NAME)";
				SWIFT_VERSION = 5.0;
				TARGETED_DEVICE_FAMILY = "1,2";
				TEST_HOST = "$(BUILT_PRODUCTS_DIR)/PreWorkTipCalc.app/PreWorkTipCalc";
			};
			name = Debug;
		};
		A1449D26258EEB43005BDD7A /* Release */ = {
			isa = XCBuildConfiguration;
			buildSettings = {
				ALWAYS_EMBED_SWIFT_STANDARD_LIBRARIES = YES;
				BUNDLE_LOADER = "$(TEST_HOST)";
				CODE_SIGN_STYLE = Automatic;
				INFOPLIST_FILE = PreWorkTipCalcTests/Info.plist;
				IPHONEOS_DEPLOYMENT_TARGET = 14.3;
				LD_RUNPATH_SEARCH_PATHS = (
					"$(inherited)",
					"@executable_path/Frameworks",
					"@loader_path/Frameworks",
				);
				PRODUCT_BUNDLE_IDENTIFIER = com.ChrisArtrip.PreWorkTipCalcTests;
				PRODUCT_NAME = "$(TARGET_NAME)";
				SWIFT_VERSION = 5.0;
				TARGETED_DEVICE_FAMILY = "1,2";
				TEST_HOST = "$(BUILT_PRODUCTS_DIR)/PreWorkTipCalc.app/PreWorkTipCalc";
			};
			name = Release;
		};
		A1449D28258EEB43005BDD7A /* Debug */ = {
			isa = XCBuildConfiguration;
			buildSettings = {
				ALWAYS_EMBED_SWIFT_STANDARD_LIBRARIES = YES;
				CODE_SIGN_STYLE = Automatic;
				INFOPLIST_FILE = PreWorkTipCalcUITests/Info.plist;
				LD_RUNPATH_SEARCH_PATHS = (
					"$(inherited)",
					"@executable_path/Frameworks",
					"@loader_path/Frameworks",
				);
				PRODUCT_BUNDLE_IDENTIFIER = com.ChrisArtrip.PreWorkTipCalcUITests;
				PRODUCT_NAME = "$(TARGET_NAME)";
				SWIFT_VERSION = 5.0;
				TARGETED_DEVICE_FAMILY = "1,2";
				TEST_TARGET_NAME = PreWorkTipCalc;
			};
			name = Debug;
		};
		A1449D29258EEB43005BDD7A /* Release */ = {
			isa = XCBuildConfiguration;
			buildSettings = {
				ALWAYS_EMBED_SWIFT_STANDARD_LIBRARIES = YES;
				CODE_SIGN_STYLE = Automatic;
				INFOPLIST_FILE = PreWorkTipCalcUITests/Info.plist;
				LD_RUNPATH_SEARCH_PATHS = (
					"$(inherited)",
					"@executable_path/Frameworks",
					"@loader_path/Frameworks",
				);
				PRODUCT_BUNDLE_IDENTIFIER = com.ChrisArtrip.PreWorkTipCalcUITests;
				PRODUCT_NAME = "$(TARGET_NAME)";
				SWIFT_VERSION = 5.0;
				TARGETED_DEVICE_FAMILY = "1,2";
				TEST_TARGET_NAME = PreWorkTipCalc;
			};
			name = Release;
		};
/* End XCBuildConfiguration section */

/* Begin XCConfigurationList section */
		A1449CF2258EEB42005BDD7A /* Build configuration list for PBXProject "PreWorkTipCalc" */ = {
			isa = XCConfigurationList;
			buildConfigurations = (
				A1449D1F258EEB43005BDD7A /* Debug */,
				A1449D20258EEB43005BDD7A /* Release */,
			);
			defaultConfigurationIsVisible = 0;
			defaultConfigurationName = Release;
		};
		A1449D21258EEB43005BDD7A /* Build configuration list for PBXNativeTarget "PreWorkTipCalc" */ = {
			isa = XCConfigurationList;
			buildConfigurations = (
				A1449D22258EEB43005BDD7A /* Debug */,
				A1449D23258EEB43005BDD7A /* Release */,
			);
			defaultConfigurationIsVisible = 0;
			defaultConfigurationName = Release;
		};
		A1449D24258EEB43005BDD7A /* Build configuration list for PBXNativeTarget "PreWorkTipCalcTests" */ = {
			isa = XCConfigurationList;
			buildConfigurations = (
				A1449D25258EEB43005BDD7A /* Debug */,
				A1449D26258EEB43005BDD7A /* Release */,
			);
			defaultConfigurationIsVisible = 0;
			defaultConfigurationName = Release;
		};
		A1449D27258EEB43005BDD7A /* Build configuration list for PBXNativeTarget "PreWorkTipCalcUITests" */ = {
			isa = XCConfigurationList;
			buildConfigurations = (
				A1449D28258EEB43005BDD7A /* Debug */,
				A1449D29258EEB43005BDD7A /* Release */,
			);
			defaultConfigurationIsVisible = 0;
			defaultConfigurationName = Release;
		};
/* End XCConfigurationList section */
	};
	rootObject = A1449CEF258EEB42005BDD7A /* Project object */;
}
